
Microsoft Visual Studio Solution File, Format Version 12.00
# Visual Studio Version 17
VisualStudioVersion = 17.3.32811.315
MinimumVisualStudioVersion = 10.0.40219.1
Project("{FAE04EC0-301F-11D3-BF4B-00C04F79EFBC}") = "divicion_constructor", "divicion_constructor\divicion_constructor.csproj", "{08C2AB33-7AEC-421C-BC4B-8A891F0EB2AA}"
EndProject
Global
	GlobalSection(SolutionConfigurationPlatforms) = preSolution
		Debug|Any CPU = Debug|Any CPU
		Release|Any CPU = Release|Any CPU
	EndGlobalSection
	GlobalSection(ProjectConfigurationPlatforms) = postSolution
		{08C2AB33-7AEC-421C-BC4B-8A891F0EB2AA}.Debug|Any CPU.ActiveCfg = Debug|Any CPU
		{08C2AB33-7AEC-421C-BC4B-8A891F0EB2AA}.Debug|Any CPU.Build.0 = Debug|Any CPU
		{08C2AB33-7AEC-421C-BC4B-8A891F0EB2AA}.Release|Any CPU.ActiveCfg = Release|Any CPU
		{08C2AB33-7AEC-421C-BC4B-8A891F0EB2AA}.Release|Any CPU.Build.0 = Release|Any CPU
	EndGlobalSection
	GlobalSection(SolutionProperties) = preSolution
		HideSolutionNode = FALSE
	EndGlobalSection
	GlobalSection(ExtensibilityGlobals) = postSolution
		SolutionGuid = {EC15DCB5-F81E-4855-B2EB-CC15FB4C767D}
	EndGlobalSection
EndGlobal
